// !$*UTF8*$!
{
	archiveVersion = 1;
	classes = {
	};
	objectVersion = 55;
	objects = {

/* Begin PBXBuildFile section */
		84A4530A288AD768003842A1 /* CoordinatorPast2_4App.swift in Sources */ = {isa = PBXBuildFile; fileRef = 84A45309288AD768003842A1 /* CoordinatorPast2_4App.swift */; };
		84A4530C288AD768003842A1 /* ContentView.swift in Sources */ = {isa = PBXBuildFile; fileRef = 84A4530B288AD768003842A1 /* ContentView.swift */; };
		84A4530E288AD76B003842A1 /* Assets.xcassets in Resources */ = {isa = PBXBuildFile; fileRef = 84A4530D288AD76B003842A1 /* Assets.xcassets */; };
		84A45311288AD76B003842A1 /* Preview Assets.xcassets in Resources */ = {isa = PBXBuildFile; fileRef = 84A45310288AD76B003842A1 /* Preview Assets.xcassets */; };
		84A45319288AD7EF003842A1 /* SwiftUINavigation in Frameworks */ = {isa = PBXBuildFile; productRef = 84A45318288AD7EF003842A1 /* SwiftUINavigation */; };
		84A45321288AEC1A003842A1 /* RedView.swift in Sources */ = {isa = PBXBuildFile; fileRef = 84A45320288AEC1A003842A1 /* RedView.swift */; };
		84A45323288AEC28003842A1 /* RedViewModel.swift in Sources */ = {isa = PBXBuildFile; fileRef = 84A45322288AEC28003842A1 /* RedViewModel.swift */; };
		84A45325288AED0B003842A1 /* ContentViewModel.swift in Sources */ = {isa = PBXBuildFile; fileRef = 84A45324288AED0B003842A1 /* ContentViewModel.swift */; };
		84A45329288AF07A003842A1 /* RedCoordinator.swift in Sources */ = {isa = PBXBuildFile; fileRef = 84A45328288AF07A003842A1 /* RedCoordinator.swift */; };
		84A4532B288AF0D2003842A1 /* RedCoordinatorView.swift in Sources */ = {isa = PBXBuildFile; fileRef = 84A4532A288AF0D2003842A1 /* RedCoordinatorView.swift */; };
		84A4532D288AF0E5003842A1 /* MainCoordinatorView.swift in Sources */ = {isa = PBXBuildFile; fileRef = 84A4532C288AF0E5003842A1 /* MainCoordinatorView.swift */; };
		84A4532F288AF12B003842A1 /* MainCoordinator.swift in Sources */ = {isa = PBXBuildFile; fileRef = 84A4532E288AF12B003842A1 /* MainCoordinator.swift */; };
/* End PBXBuildFile section */

/* Begin PBXFileReference section */
		84A45306288AD768003842A1 /* CoordinatorPast2_4.app */ = {isa = PBXFileReference; explicitFileType = wrapper.application; includeInIndex = 0; path = CoordinatorPast2_4.app; sourceTree = BUILT_PRODUCTS_DIR; };
		84A45309288AD768003842A1 /* CoordinatorPast2_4App.swift */ = {isa = PBXFileReference; lastKnownFileType = sourcecode.swift; path = CoordinatorPast2_4App.swift; sourceTree = "<group>"; };
		84A4530B288AD768003842A1 /* ContentView.swift */ = {isa = PBXFileReference; lastKnownFileType = sourcecode.swift; path = ContentView.swift; sourceTree = "<group>"; };
		84A4530D288AD76B003842A1 /* Assets.xcassets */ = {isa = PBXFileReference; lastKnownFileType = folder.assetcatalog; path = Assets.xcassets; sourceTree = "<group>"; };
		84A45310288AD76B003842A1 /* Preview Assets.xcassets */ = {isa = PBXFileReference; lastKnownFileType = folder.assetcatalog; path = "Preview Assets.xcassets"; sourceTree = "<group>"; };
		84A45320288AEC1A003842A1 /* RedView.swift */ = {isa = PBXFileReference; lastKnownFileType = sourcecode.swift; path = RedView.swift; sourceTree = "<group>"; };
		84A45322288AEC28003842A1 /* RedViewModel.swift */ = {isa = PBXFileReference; lastKnownFileType = sourcecode.swift; path = RedViewModel.swift; sourceTree = "<group>"; };
		84A45324288AED0B003842A1 /* ContentViewModel.swift */ = {isa = PBXFileReference; lastKnownFileType = sourcecode.swift; path = ContentViewModel.swift; sourceTree = "<group>"; };
		84A45328288AF07A003842A1 /* RedCoordinator.swift */ = {isa = PBXFileReference; lastKnownFileType = sourcecode.swift; path = RedCoordinator.swift; sourceTree = "<group>"; };
		84A4532A288AF0D2003842A1 /* RedCoordinatorView.swift */ = {isa = PBXFileReference; lastKnownFileType = sourcecode.swift; path = RedCoordinatorView.swift; sourceTree = "<group>"; };
		84A4532C288AF0E5003842A1 /* MainCoordinatorView.swift */ = {isa = PBXFileReference; lastKnownFileType = sourcecode.swift; path = MainCoordinatorView.swift; sourceTree = "<group>"; };
		84A4532E288AF12B003842A1 /* MainCoordinator.swift */ = {isa = PBXFileReference; lastKnownFileType = sourcecode.swift; path = MainCoordinator.swift; sourceTree = "<group>"; };
/* End PBXFileReference section */

/* Begin PBXFrameworksBuildPhase section */
		84A45303288AD768003842A1 /* Frameworks */ = {
			isa = PBXFrameworksBuildPhase;
			buildActionMask = 2147483647;
			files = (
				84A45319288AD7EF003842A1 /* SwiftUINavigation in Frameworks */,
			);
			runOnlyForDeploymentPostprocessing = 0;
		};
/* End PBXFrameworksBuildPhase section */

/* Begin PBXGroup section */
		84A452FD288AD768003842A1 = {
			isa = PBXGroup;
			children = (
				84A45308288AD768003842A1 /* CoordinatorPast2_4 */,
				84A45307288AD768003842A1 /* Products */,
			);
			sourceTree = "<group>";
		};
		84A45307288AD768003842A1 /* Products */ = {
			isa = PBXGroup;
			children = (
				84A45306288AD768003842A1 /* CoordinatorPast2_4.app */,
			);
			name = Products;
			sourceTree = "<group>";
		};
		84A45308288AD768003842A1 /* CoordinatorPast2_4 */ = {
			isa = PBXGroup;
			children = (
				84A4531A288AD7F6003842A1 /* App */,
				84A45326288AEFE8003842A1 /* Flows */,
				84A4531C288AD8F0003842A1 /* Screen */,
				84A4530D288AD76B003842A1 /* Assets.xcassets */,
				84A4530F288AD76B003842A1 /* Preview Content */,
			);
			path = CoordinatorPast2_4;
			sourceTree = "<group>";
		};
		84A4530F288AD76B003842A1 /* Preview Content */ = {
			isa = PBXGroup;
			children = (
				84A45310288AD76B003842A1 /* Preview Assets.xcassets */,
			);
			path = "Preview Content";
			sourceTree = "<group>";
		};
		84A4531A288AD7F6003842A1 /* App */ = {
			isa = PBXGroup;
			children = (
				84A45309288AD768003842A1 /* CoordinatorPast2_4App.swift */,
			);
			path = App;
			sourceTree = "<group>";
		};
		84A4531B288AD800003842A1 /* MainCoordinator */ = {
			isa = PBXGroup;
			children = (
				84A4532C288AF0E5003842A1 /* MainCoordinatorView.swift */,
				84A4532E288AF12B003842A1 /* MainCoordinator.swift */,
			);
			path = MainCoordinator;
			sourceTree = "<group>";
		};
		84A4531C288AD8F0003842A1 /* Screen */ = {
			isa = PBXGroup;
			children = (
				84A4531F288AEC03003842A1 /* Red */,
				84A4531E288AEBF9003842A1 /* Main */,
			);
			path = Screen;
			sourceTree = "<group>";
		};
		84A4531E288AEBF9003842A1 /* Main */ = {
			isa = PBXGroup;
			children = (
				84A4530B288AD768003842A1 /* ContentView.swift */,
				84A45324288AED0B003842A1 /* ContentViewModel.swift */,
			);
			path = Main;
			sourceTree = "<group>";
		};
		84A4531F288AEC03003842A1 /* Red */ = {
			isa = PBXGroup;
			children = (
				84A45320288AEC1A003842A1 /* RedView.swift */,
				84A45322288AEC28003842A1 /* RedViewModel.swift */,
			);
			path = Red;
			sourceTree = "<group>";
		};
		84A45326288AEFE8003842A1 /* Flows */ = {
			isa = PBXGroup;
			children = (
				84A45327288AEFF6003842A1 /* RedCoordinator */,
				84A4531B288AD800003842A1 /* MainCoordinator */,
			);
			path = Flows;
			sourceTree = "<group>";
		};
		84A45327288AEFF6003842A1 /* RedCoordinator */ = {
			isa = PBXGroup;
			children = (
				84A45328288AF07A003842A1 /* RedCoordinator.swift */,
				84A4532A288AF0D2003842A1 /* RedCoordinatorView.swift */,
			);
			path = RedCoordinator;
			sourceTree = "<group>";
		};
/* End PBXGroup section */

/* Begin PBXNativeTarget section */
		84A45305288AD768003842A1 /* CoordinatorPast2_4 */ = {
			isa = PBXNativeTarget;
			buildConfigurationList = 84A45314288AD76B003842A1 /* Build configuration list for PBXNativeTarget "CoordinatorPast2_4" */;
			buildPhases = (
				84A45302288AD768003842A1 /* Sources */,
				84A45303288AD768003842A1 /* Frameworks */,
				84A45304288AD768003842A1 /* Resources */,
			);
			buildRules = (
			);
			dependencies = (
			);
			name = CoordinatorPast2_4;
			packageProductDependencies = (
				84A45318288AD7EF003842A1 /* SwiftUINavigation */,
			);
			productName = CoordinatorPast2_4;
			productReference = 84A45306288AD768003842A1 /* CoordinatorPast2_4.app */;
			productType = "com.apple.product-type.application";
		};
/* End PBXNativeTarget section */

/* Begin PBXProject section */
		84A452FE288AD768003842A1 /* Project object */ = {
			isa = PBXProject;
			attributes = {
				BuildIndependentTargetsInParallel = 1;
				LastSwiftUpdateCheck = 1340;
				LastUpgradeCheck = 1340;
				TargetAttributes = {
					84A45305288AD768003842A1 = {
						CreatedOnToolsVersion = 13.4.1;
					};
				};
			};
			buildConfigurationList = 84A45301288AD768003842A1 /* Build configuration list for PBXProject "CoordinatorPast2_4" */;
			compatibilityVersion = "Xcode 13.0";
			developmentRegion = en;
			hasScannedForEncodings = 0;
			knownRegions = (
				en,
				Base,
			);
			mainGroup = 84A452FD288AD768003842A1;
			packageReferences = (
				84A45317288AD7EF003842A1 /* XCRemoteSwiftPackageReference "swiftui-navigation" */,
			);
			productRefGroup = 84A45307288AD768003842A1 /* Products */;
			projectDirPath = "";
			projectRoot = "";
			targets = (
				84A45305288AD768003842A1 /* CoordinatorPast2_4 */,
			);
		};
/* End PBXProject section */

/* Begin PBXResourcesBuildPhase section */
		84A45304288AD768003842A1 /* Resources */ = {
			isa = PBXResourcesBuildPhase;
			buildActionMask = 2147483647;
			files = (
				84A45311288AD76B003842A1 /* Preview Assets.xcassets in Resources */,
				84A4530E288AD76B003842A1 /* Assets.xcassets in Resources */,
			);
			runOnlyForDeploymentPostprocessing = 0;
		};
/* End PBXResourcesBuildPhase section */

/* Begin PBXSourcesBuildPhase section */
		84A45302288AD768003842A1 /* Sources */ = {
			isa = PBXSourcesBuildPhase;
			buildActionMask = 2147483647;
			files = (
				84A4532D288AF0E5003842A1 /* MainCoordinatorView.swift in Sources */,
				84A45323288AEC28003842A1 /* RedViewModel.swift in Sources */,
				84A4530C288AD768003842A1 /* ContentView.swift in Sources */,
				84A45329288AF07A003842A1 /* RedCoordinator.swift in Sources */,
				84A4530A288AD768003842A1 /* CoordinatorPast2_4App.swift in Sources */,
				84A45321288AEC1A003842A1 /* RedView.swift in Sources */,
				84A4532B288AF0D2003842A1 /* RedCoordinatorView.swift in Sources */,
				84A4532F288AF12B003842A1 /* MainCoordinator.swift in Sources */,
				84A45325288AED0B003842A1 /* ContentViewModel.swift in Sources */,
			);
			runOnlyForDeploymentPostprocessing = 0;
		};
/* End PBXSourcesBuildPhase section */

/* Begin XCBuildConfiguration section */
		84A45312288AD76B003842A1 /* Debug */ = {
			isa = XCBuildConfiguration;
			buildSettings = {
				ALWAYS_SEARCH_USER_PATHS = NO;
				CLANG_ANALYZER_NONNULL = YES;
				CLANG_ANALYZER_NUMBER_OBJECT_CONVERSION = YES_AGGRESSIVE;
				CLANG_CXX_LANGUAGE_STANDARD = "gnu++17";
				CLANG_ENABLE_MODULES = YES;
				CLANG_ENABLE_OBJC_ARC = YES;
				CLANG_ENABLE_OBJC_WEAK = YES;
				CLANG_WARN_BLOCK_CAPTURE_AUTORELEASING = YES;
				CLANG_WARN_BOOL_CONVERSION = YES;
				CLANG_WARN_COMMA = YES;
				CLANG_WARN_CONSTANT_CONVERSION = YES;
				CLANG_WARN_DEPRECATED_OBJC_IMPLEMENTATIONS = YES;
				CLANG_WARN_DIRECT_OBJC_ISA_USAGE = YES_ERROR;
				CLANG_WARN_DOCUMENTATION_COMMENTS = YES;
				CLANG_WARN_EMPTY_BODY = YES;
				CLANG_WARN_ENUM_CONVERSION = YES;
				CLANG_WARN_INFINITE_RECURSION = YES;
				CLANG_WARN_INT_CONVERSION = YES;
				CLANG_WARN_NON_LITERAL_NULL_CONVERSION = YES;
				CLANG_WARN_OBJC_IMPLICIT_RETAIN_SELF = YES;
				CLANG_WARN_OBJC_LITERAL_CONVERSION = YES;
				CLANG_WARN_OBJC_ROOT_CLASS = YES_ERROR;
				CLANG_WARN_QUOTED_INCLUDE_IN_FRAMEWORK_HEADER = YES;
				CLANG_WARN_RANGE_LOOP_ANALYSIS = YES;
				CLANG_WARN_STRICT_PROTOTYPES = YES;
				CLANG_WARN_SUSPICIOUS_MOVE = YES;
				CLANG_WARN_UNGUARDED_AVAILABILITY = YES_AGGRESSIVE;
				CLANG_WARN_UNREACHABLE_CODE = YES;
				CLANG_WARN__DUPLICATE_METHOD_MATCH = YES;
				COPY_PHASE_STRIP = NO;
				DEBUG_INFORMATION_FORMAT = dwarf;
				ENABLE_STRICT_OBJC_MSGSEND = YES;
				ENABLE_TESTABILITY = YES;
				GCC_C_LANGUAGE_STANDARD = gnu11;
				GCC_DYNAMIC_NO_PIC = NO;
				GCC_NO_COMMON_BLOCKS = YES;
				GCC_OPTIMIZATION_LEVEL = 0;
				GCC_PREPROCESSOR_DEFINITIONS = (
					"DEBUG=1",
					"$(inherited)",
				);
				GCC_WARN_64_TO_32_BIT_CONVERSION = YES;
				GCC_WARN_ABOUT_RETURN_TYPE = YES_ERROR;
				GCC_WARN_UNDECLARED_SELECTOR = YES;
				GCC_WARN_UNINITIALIZED_AUTOS = YES_AGGRESSIVE;
				GCC_WARN_UNUSED_FUNCTION = YES;
				GCC_WARN_UNUSED_VARIABLE = YES;
				IPHONEOS_DEPLOYMENT_TARGET = 15.5;
				MTL_ENABLE_DEBUG_INFO = INCLUDE_SOURCE;
				MTL_FAST_MATH = YES;
				ONLY_ACTIVE_ARCH = YES;
				SDKROOT = iphoneos;
				SWIFT_ACTIVE_COMPILATION_CONDITIONS = DEBUG;
				SWIFT_OPTIMIZATION_LEVEL = "-Onone";
			};
			name = Debug;
		};
		84A45313288AD76B003842A1 /* Release */ = {
			isa = XCBuildConfiguration;
			buildSettings = {
				ALWAYS_SEARCH_USER_PATHS = NO;
				CLANG_ANALYZER_NONNULL = YES;
				CLANG_ANALYZER_NUMBER_OBJECT_CONVERSION = YES_AGGRESSIVE;
				CLANG_CXX_LANGUAGE_STANDARD = "gnu++17";
				CLANG_ENABLE_MODULES = YES;
				CLANG_ENABLE_OBJC_ARC = YES;
				CLANG_ENABLE_OBJC_WEAK = YES;
				CLANG_WARN_BLOCK_CAPTURE_AUTORELEASING = YES;
				CLANG_WARN_BOOL_CONVERSION = YES;
				CLANG_WARN_COMMA = YES;
				CLANG_WARN_CONSTANT_CONVERSION = YES;
				CLANG_WARN_DEPRECATED_OBJC_IMPLEMENTATIONS = YES;
				CLANG_WARN_DIRECT_OBJC_ISA_USAGE = YES_ERROR;
				CLANG_WARN_DOCUMENTATION_COMMENTS = YES;
				CLANG_WARN_EMPTY_BODY = YES;
				CLANG_WARN_ENUM_CONVERSION = YES;
				CLANG_WARN_INFINITE_RECURSION = YES;
				CLANG_WARN_INT_CONVERSION = YES;
				CLANG_WARN_NON_LITERAL_NULL_CONVERSION = YES;
				CLANG_WARN_OBJC_IMPLICIT_RETAIN_SELF = YES;
				CLANG_WARN_OBJC_LITERAL_CONVERSION = YES;
				CLANG_WARN_OBJC_ROOT_CLASS = YES_ERROR;
				CLANG_WARN_QUOTED_INCLUDE_IN_FRAMEWORK_HEADER = YES;
				CLANG_WARN_RANGE_LOOP_ANALYSIS = YES;
				CLANG_WARN_STRICT_PROTOTYPES = YES;
				CLANG_WARN_SUSPICIOUS_MOVE = YES;
				CLANG_WARN_UNGUARDED_AVAILABILITY = YES_AGGRESSIVE;
				CLANG_WARN_UNREACHABLE_CODE = YES;
				CLANG_WARN__DUPLICATE_METHOD_MATCH = YES;
				COPY_PHASE_STRIP = NO;
				DEBUG_INFORMATION_FORMAT = "dwarf-with-dsym";
				ENABLE_NS_ASSERTIONS = NO;
				ENABLE_STRICT_OBJC_MSGSEND = YES;
				GCC_C_LANGUAGE_STANDARD = gnu11;
				GCC_NO_COMMON_BLOCKS = YES;
				GCC_WARN_64_TO_32_BIT_CONVERSION = YES;
				GCC_WARN_ABOUT_RETURN_TYPE = YES_ERROR;
				GCC_WARN_UNDECLARED_SELECTOR = YES;
				GCC_WARN_UNINITIALIZED_AUTOS = YES_AGGRESSIVE;
				GCC_WARN_UNUSED_FUNCTION = YES;
				GCC_WARN_UNUSED_VARIABLE = YES;
				IPHONEOS_DEPLOYMENT_TARGET = 15.5;
				MTL_ENABLE_DEBUG_INFO = NO;
				MTL_FAST_MATH = YES;
				SDKROOT = iphoneos;
				SWIFT_COMPILATION_MODE = wholemodule;
				SWIFT_OPTIMIZATION_LEVEL = "-O";
				VALIDATE_PRODUCT = YES;
			};
			name = Release;
		};
		84A45315288AD76B003842A1 /* Debug */ = {
			isa = XCBuildConfiguration;
			buildSettings = {
				ASSETCATALOG_COMPILER_APPICON_NAME = AppIcon;
				ASSETCATALOG_COMPILER_GLOBAL_ACCENT_COLOR_NAME = AccentColor;
				CODE_SIGN_STYLE = Automatic;
				CURRENT_PROJECT_VERSION = 1;
				DEVELOPMENT_ASSET_PATHS = "\"CoordinatorPast2_4/Preview Content\"";
				DEVELOPMENT_TEAM = 6WNZ6H5K49;
				ENABLE_PREVIEWS = YES;
				GENERATE_INFOPLIST_FILE = YES;
				INFOPLIST_KEY_UIApplicationSceneManifest_Generation = YES;
				INFOPLIST_KEY_UIApplicationSupportsIndirectInputEvents = YES;
				INFOPLIST_KEY_UILaunchScreen_Generation = YES;
				INFOPLIST_KEY_UISupportedInterfaceOrientations_iPad = "UIInterfaceOrientationPortrait UIInterfaceOrientationPortraitUpsideDown UIInterfaceOrientationLandscapeLeft UIInterfaceOrientationLandscapeRight";
				INFOPLIST_KEY_UISupportedInterfaceOrientations_iPhone = "UIInterfaceOrientationPortrait UIInterfaceOrientationLandscapeLeft UIInterfaceOrientationLandscapeRight";
				LD_RUNPATH_SEARCH_PATHS = (
					"$(inherited)",
					"@executable_path/Frameworks",
				);
				MARKETING_VERSION = 1.0;
				PRODUCT_BUNDLE_IDENTIFIER = "Oleksandr-Syurpita.CoordinatorPast2-4";
				PRODUCT_NAME = "$(TARGET_NAME)";
				SWIFT_EMIT_LOC_STRINGS = YES;
				SWIFT_VERSION = 5.0;
				TARGETED_DEVICE_FAMILY = "1,2";
			};
			name = Debug;
		};
		84A45316288AD76B003842A1 /* Release */ = {
			isa = XCBuildConfiguration;
			buildSettings = {
				ASSETCATALOG_COMPILER_APPICON_NAME = AppIcon;
				ASSETCATALOG_COMPILER_GLOBAL_ACCENT_COLOR_NAME = AccentColor;
				CODE_SIGN_STYLE = Automatic;
				CURRENT_PROJECT_VERSION = 1;
				DEVELOPMENT_ASSET_PATHS = "\"CoordinatorPast2_4/Preview Content\"";
				DEVELOPMENT_TEAM = 6WNZ6H5K49;
				ENABLE_PREVIEWS = YES;
				GENERATE_INFOPLIST_FILE = YES;
				INFOPLIST_KEY_UIApplicationSceneManifest_Generation = YES;
				INFOPLIST_KEY_UIApplicationSupportsIndirectInputEvents = YES;
				INFOPLIST_KEY_UILaunchScreen_Generation = YES;
				INFOPLIST_KEY_UISupportedInterfaceOrientations_iPad = "UIInterfaceOrientationPortrait UIInterfaceOrientationPortraitUpsideDown UIInterfaceOrientationLandscapeLeft UIInterfaceOrientationLandscapeRight";
				INFOPLIST_KEY_UISupportedInterfaceOrientations_iPhone = "UIInterfaceOrientationPortrait UIInterfaceOrientationLandscapeLeft UIInterfaceOrientationLandscapeRight";
				LD_RUNPATH_SEARCH_PATHS = (
					"$(inherited)",
					"@executable_path/Frameworks",
				);
				MARKETING_VERSION = 1.0;
				PRODUCT_BUNDLE_IDENTIFIER = "Oleksandr-Syurpita.CoordinatorPast2-4";
				PRODUCT_NAME = "$(TARGET_NAME)";
				SWIFT_EMIT_LOC_STRINGS = YES;
				SWIFT_VERSION = 5.0;
				TARGETED_DEVICE_FAMILY = "1,2";
			};
			name = Release;
		};
/* End XCBuildConfiguration section */

/* Begin XCConfigurationList section */
		84A45301288AD768003842A1 /* Build configuration list for PBXProject "CoordinatorPast2_4" */ = {
			isa = XCConfigurationList;
			buildConfigurations = (
				84A45312288AD76B003842A1 /* Debug */,
				84A45313288AD76B003842A1 /* Release */,
			);
			defaultConfigurationIsVisible = 0;
			defaultConfigurationName = Release;
		};
		84A45314288AD76B003842A1 /* Build configuration list for PBXNativeTarget "CoordinatorPast2_4" */ = {
			isa = XCConfigurationList;
			buildConfigurations = (
				84A45315288AD76B003842A1 /* Debug */,
				84A45316288AD76B003842A1 /* Release */,
			);
			defaultConfigurationIsVisible = 0;
			defaultConfigurationName = Release;
		};
/* End XCConfigurationList section */

/* Begin XCRemoteSwiftPackageReference section */
		84A45317288AD7EF003842A1 /* XCRemoteSwiftPackageReference "swiftui-navigation" */ = {
			isa = XCRemoteSwiftPackageReference;
			repositoryURL = "https://github.com/pointfreeco/swiftui-navigation";
			requirement = {
				branch = main;
				kind = branch;
			};
		};
/* End XCRemoteSwiftPackageReference section */

/* Begin XCSwiftPackageProductDependency section */
		84A45318288AD7EF003842A1 /* SwiftUINavigation */ = {
			isa = XCSwiftPackageProductDependency;
			package = 84A45317288AD7EF003842A1 /* XCRemoteSwiftPackageReference "swiftui-navigation" */;
			productName = SwiftUINavigation;
		};
/* End XCSwiftPackageProductDependency section */
	};
	rootObject = 84A452FE288AD768003842A1 /* Project object */;
}
