// !$*UTF8*$!
{
	archiveVersion = 1;
	classes = {
	};
	objectVersion = 55;
	objects = {

/* Begin PBXBuildFile section */
		846227C7280D95A5001D8A39 /* Tests_iOS.swift in Sources */ = {isa = PBXBuildFile; fileRef = 846227C6280D95A5001D8A39 /* Tests_iOS.swift */; };
		846227C9280D95A5001D8A39 /* Tests_iOSLaunchTests.swift in Sources */ = {isa = PBXBuildFile; fileRef = 846227C8280D95A5001D8A39 /* Tests_iOSLaunchTests.swift */; };
		846227D3280D95A5001D8A39 /* Tests_macOS.swift in Sources */ = {isa = PBXBuildFile; fileRef = 846227D2280D95A5001D8A39 /* Tests_macOS.swift */; };
		846227D5280D95A5001D8A39 /* Tests_macOSLaunchTests.swift in Sources */ = {isa = PBXBuildFile; fileRef = 846227D4280D95A5001D8A39 /* Tests_macOSLaunchTests.swift */; };
		846227D6280D95A5001D8A39 /* learning_swiftApp.swift in Sources */ = {isa = PBXBuildFile; fileRef = 846227AE280D95A0001D8A39 /* learning_swiftApp.swift */; };
		846227D7280D95A5001D8A39 /* learning_swiftApp.swift in Sources */ = {isa = PBXBuildFile; fileRef = 846227AE280D95A0001D8A39 /* learning_swiftApp.swift */; };
		846227D8280D95A5001D8A39 /* ContentView.swift in Sources */ = {isa = PBXBuildFile; fileRef = 846227AF280D95A0001D8A39 /* ContentView.swift */; };
		846227D9280D95A5001D8A39 /* ContentView.swift in Sources */ = {isa = PBXBuildFile; fileRef = 846227AF280D95A0001D8A39 /* ContentView.swift */; };
		846227DA280D95A5001D8A39 /* Assets.xcassets in Resources */ = {isa = PBXBuildFile; fileRef = 846227B0280D95A5001D8A39 /* Assets.xcassets */; };
		846227DB280D95A5001D8A39 /* Assets.xcassets in Resources */ = {isa = PBXBuildFile; fileRef = 846227B0280D95A5001D8A39 /* Assets.xcassets */; };
/* End PBXBuildFile section */

/* Begin PBXContainerItemProxy section */
		846227C3280D95A5001D8A39 /* PBXContainerItemProxy */ = {
			isa = PBXContainerItemProxy;
			containerPortal = 846227A9280D95A0001D8A39 /* Project object */;
			proxyType = 1;
			remoteGlobalIDString = 846227B4280D95A5001D8A39;
			remoteInfo = "learning_swift (iOS)";
		};
		846227CF280D95A5001D8A39 /* PBXContainerItemProxy */ = {
			isa = PBXContainerItemProxy;
			containerPortal = 846227A9280D95A0001D8A39 /* Project object */;
			proxyType = 1;
			remoteGlobalIDString = 846227BA280D95A5001D8A39;
			remoteInfo = "learning_swift (macOS)";
		};
/* End PBXContainerItemProxy section */

/* Begin PBXFileReference section */
		846227AE280D95A0001D8A39 /* learning_swiftApp.swift */ = {isa = PBXFileReference; lastKnownFileType = sourcecode.swift; path = learning_swiftApp.swift; sourceTree = "<group>"; };
		846227AF280D95A0001D8A39 /* ContentView.swift */ = {isa = PBXFileReference; lastKnownFileType = sourcecode.swift; path = ContentView.swift; sourceTree = "<group>"; };
		846227B0280D95A5001D8A39 /* Assets.xcassets */ = {isa = PBXFileReference; lastKnownFileType = folder.assetcatalog; path = Assets.xcassets; sourceTree = "<group>"; };
		846227B5280D95A5001D8A39 /* learning_swift.app */ = {isa = PBXFileReference; explicitFileType = wrapper.application; includeInIndex = 0; path = learning_swift.app; sourceTree = BUILT_PRODUCTS_DIR; };
		846227BB280D95A5001D8A39 /* learning_swift.app */ = {isa = PBXFileReference; explicitFileType = wrapper.application; includeInIndex = 0; path = learning_swift.app; sourceTree = BUILT_PRODUCTS_DIR; };
		846227BD280D95A5001D8A39 /* macOS.entitlements */ = {isa = PBXFileReference; lastKnownFileType = text.plist.entitlements; path = macOS.entitlements; sourceTree = "<group>"; };
		846227C2280D95A5001D8A39 /* Tests iOS.xctest */ = {isa = PBXFileReference; explicitFileType = wrapper.cfbundle; includeInIndex = 0; path = "Tests iOS.xctest"; sourceTree = BUILT_PRODUCTS_DIR; };
		846227C6280D95A5001D8A39 /* Tests_iOS.swift */ = {isa = PBXFileReference; lastKnownFileType = sourcecode.swift; path = Tests_iOS.swift; sourceTree = "<group>"; };
		846227C8280D95A5001D8A39 /* Tests_iOSLaunchTests.swift */ = {isa = PBXFileReference; lastKnownFileType = sourcecode.swift; path = Tests_iOSLaunchTests.swift; sourceTree = "<group>"; };
		846227CE280D95A5001D8A39 /* Tests macOS.xctest */ = {isa = PBXFileReference; explicitFileType = wrapper.cfbundle; includeInIndex = 0; path = "Tests macOS.xctest"; sourceTree = BUILT_PRODUCTS_DIR; };
		846227D2280D95A5001D8A39 /* Tests_macOS.swift */ = {isa = PBXFileReference; lastKnownFileType = sourcecode.swift; path = Tests_macOS.swift; sourceTree = "<group>"; };
		846227D4280D95A5001D8A39 /* Tests_macOSLaunchTests.swift */ = {isa = PBXFileReference; lastKnownFileType = sourcecode.swift; path = Tests_macOSLaunchTests.swift; sourceTree = "<group>"; };
/* End PBXFileReference section */

/* Begin PBXFrameworksBuildPhase section */
		846227B2280D95A5001D8A39 /* Frameworks */ = {
			isa = PBXFrameworksBuildPhase;
			buildActionMask = 2147483647;
			files = (
			);
			runOnlyForDeploymentPostprocessing = 0;
		};
		846227B8280D95A5001D8A39 /* Frameworks */ = {
			isa = PBXFrameworksBuildPhase;
			buildActionMask = 2147483647;
			files = (
			);
			runOnlyForDeploymentPostprocessing = 0;
		};
		846227BF280D95A5001D8A39 /* Frameworks */ = {
			isa = PBXFrameworksBuildPhase;
			buildActionMask = 2147483647;
			files = (
			);
			runOnlyForDeploymentPostprocessing = 0;
		};
		846227CB280D95A5001D8A39 /* Frameworks */ = {
			isa = PBXFrameworksBuildPhase;
			buildActionMask = 2147483647;
			files = (
			);
			runOnlyForDeploymentPostprocessing = 0;
		};
/* End PBXFrameworksBuildPhase section */

/* Begin PBXGroup section */
		846227A8280D95A0001D8A39 = {
			isa = PBXGroup;
			children = (
				846227AD280D95A0001D8A39 /* Shared */,
				846227BC280D95A5001D8A39 /* macOS */,
				846227C5280D95A5001D8A39 /* Tests iOS */,
				846227D1280D95A5001D8A39 /* Tests macOS */,
				846227B6280D95A5001D8A39 /* Products */,
			);
			sourceTree = "<group>";
		};
		846227AD280D95A0001D8A39 /* Shared */ = {
			isa = PBXGroup;
			children = (
				846227AE280D95A0001D8A39 /* learning_swiftApp.swift */,
				846227AF280D95A0001D8A39 /* ContentView.swift */,
				846227B0280D95A5001D8A39 /* Assets.xcassets */,
			);
			path = Shared;
			sourceTree = "<group>";
		};
		846227B6280D95A5001D8A39 /* Products */ = {
			isa = PBXGroup;
			children = (
				846227B5280D95A5001D8A39 /* learning_swift.app */,
				846227BB280D95A5001D8A39 /* learning_swift.app */,
				846227C2280D95A5001D8A39 /* Tests iOS.xctest */,
				846227CE280D95A5001D8A39 /* Tests macOS.xctest */,
			);
			name = Products;
			sourceTree = "<group>";
		};
		846227BC280D95A5001D8A39 /* macOS */ = {
			isa = PBXGroup;
			children = (
				846227BD280D95A5001D8A39 /* macOS.entitlements */,
			);
			path = macOS;
			sourceTree = "<group>";
		};
		846227C5280D95A5001D8A39 /* Tests iOS */ = {
			isa = PBXGroup;
			children = (
				846227C6280D95A5001D8A39 /* Tests_iOS.swift */,
				846227C8280D95A5001D8A39 /* Tests_iOSLaunchTests.swift */,
			);
			path = "Tests iOS";
			sourceTree = "<group>";
		};
		846227D1280D95A5001D8A39 /* Tests macOS */ = {
			isa = PBXGroup;
			children = (
				846227D2280D95A5001D8A39 /* Tests_macOS.swift */,
				846227D4280D95A5001D8A39 /* Tests_macOSLaunchTests.swift */,
			);
			path = "Tests macOS";
			sourceTree = "<group>";
		};
/* End PBXGroup section */

/* Begin PBXNativeTarget section */
		846227B4280D95A5001D8A39 /* learning_swift (iOS) */ = {
			isa = PBXNativeTarget;
			buildConfigurationList = 846227DE280D95A5001D8A39 /* Build configuration list for PBXNativeTarget "learning_swift (iOS)" */;
			buildPhases = (
				846227B1280D95A5001D8A39 /* Sources */,
				846227B2280D95A5001D8A39 /* Frameworks */,
				846227B3280D95A5001D8A39 /* Resources */,
			);
			buildRules = (
			);
			dependencies = (
			);
			name = "learning_swift (iOS)";
			productName = "learning_swift (iOS)";
			productReference = 846227B5280D95A5001D8A39 /* learning_swift.app */;
			productType = "com.apple.product-type.application";
		};
		846227BA280D95A5001D8A39 /* learning_swift (macOS) */ = {
			isa = PBXNativeTarget;
			buildConfigurationList = 846227E1280D95A5001D8A39 /* Build configuration list for PBXNativeTarget "learning_swift (macOS)" */;
			buildPhases = (
				846227B7280D95A5001D8A39 /* Sources */,
				846227B8280D95A5001D8A39 /* Frameworks */,
				846227B9280D95A5001D8A39 /* Resources */,
			);
			buildRules = (
			);
			dependencies = (
			);
			name = "learning_swift (macOS)";
			productName = "learning_swift (macOS)";
			productReference = 846227BB280D95A5001D8A39 /* learning_swift.app */;
			productType = "com.apple.product-type.application";
		};
		846227C1280D95A5001D8A39 /* Tests iOS */ = {
			isa = PBXNativeTarget;
			buildConfigurationList = 846227E4280D95A5001D8A39 /* Build configuration list for PBXNativeTarget "Tests iOS" */;
			buildPhases = (
				846227BE280D95A5001D8A39 /* Sources */,
				846227BF280D95A5001D8A39 /* Frameworks */,
				846227C0280D95A5001D8A39 /* Resources */,
			);
			buildRules = (
			);
			dependencies = (
				846227C4280D95A5001D8A39 /* PBXTargetDependency */,
			);
			name = "Tests iOS";
			productName = "Tests iOS";
			productReference = 846227C2280D95A5001D8A39 /* Tests iOS.xctest */;
			productType = "com.apple.product-type.bundle.ui-testing";
		};
		846227CD280D95A5001D8A39 /* Tests macOS */ = {
			isa = PBXNativeTarget;
			buildConfigurationList = 846227E7280D95A5001D8A39 /* Build configuration list for PBXNativeTarget "Tests macOS" */;
			buildPhases = (
				846227CA280D95A5001D8A39 /* Sources */,
				846227CB280D95A5001D8A39 /* Frameworks */,
				846227CC280D95A5001D8A39 /* Resources */,
			);
			buildRules = (
			);
			dependencies = (
				846227D0280D95A5001D8A39 /* PBXTargetDependency */,
			);
			name = "Tests macOS";
			productName = "Tests macOS";
			productReference = 846227CE280D95A5001D8A39 /* Tests macOS.xctest */;
			productType = "com.apple.product-type.bundle.ui-testing";
		};
/* End PBXNativeTarget section */

/* Begin PBXProject section */
		846227A9280D95A0001D8A39 /* Project object */ = {
			isa = PBXProject;
			attributes = {
				BuildIndependentTargetsInParallel = 1;
				LastSwiftUpdateCheck = 1330;
				LastUpgradeCheck = 1330;
				TargetAttributes = {
					846227B4280D95A5001D8A39 = {
						CreatedOnToolsVersion = 13.3;
					};
					846227BA280D95A5001D8A39 = {
						CreatedOnToolsVersion = 13.3;
					};
					846227C1280D95A5001D8A39 = {
						CreatedOnToolsVersion = 13.3;
						TestTargetID = 846227B4280D95A5001D8A39;
					};
					846227CD280D95A5001D8A39 = {
						CreatedOnToolsVersion = 13.3;
						TestTargetID = 846227BA280D95A5001D8A39;
					};
				};
			};
			buildConfigurationList = 846227AC280D95A0001D8A39 /* Build configuration list for PBXProject "learning_swift" */;
			compatibilityVersion = "Xcode 13.0";
			developmentRegion = en;
			hasScannedForEncodings = 0;
			knownRegions = (
				en,
				Base,
			);
			mainGroup = 846227A8280D95A0001D8A39;
			productRefGroup = 846227B6280D95A5001D8A39 /* Products */;
			projectDirPath = "";
			projectRoot = "";
			targets = (
				846227B4280D95A5001D8A39 /* learning_swift (iOS) */,
				846227BA280D95A5001D8A39 /* learning_swift (macOS) */,
				846227C1280D95A5001D8A39 /* Tests iOS */,
				846227CD280D95A5001D8A39 /* Tests macOS */,
			);
		};
/* End PBXProject section */

/* Begin PBXResourcesBuildPhase section */
		846227B3280D95A5001D8A39 /* Resources */ = {
			isa = PBXResourcesBuildPhase;
			buildActionMask = 2147483647;
			files = (
				846227DA280D95A5001D8A39 /* Assets.xcassets in Resources */,
			);
			runOnlyForDeploymentPostprocessing = 0;
		};
		846227B9280D95A5001D8A39 /* Resources */ = {
			isa = PBXResourcesBuildPhase;
			buildActionMask = 2147483647;
			files = (
				846227DB280D95A5001D8A39 /* Assets.xcassets in Resources */,
			);
			runOnlyForDeploymentPostprocessing = 0;
		};
		846227C0280D95A5001D8A39 /* Resources */ = {
			isa = PBXResourcesBuildPhase;
			buildActionMask = 2147483647;
			files = (
			);
			runOnlyForDeploymentPostprocessing = 0;
		};
		846227CC280D95A5001D8A39 /* Resources */ = {
			isa = PBXResourcesBuildPhase;
			buildActionMask = 2147483647;
			files = (
			);
			runOnlyForDeploymentPostprocessing = 0;
		};
/* End PBXResourcesBuildPhase section */

/* Begin PBXSourcesBuildPhase section */
		846227B1280D95A5001D8A39 /* Sources */ = {
			isa = PBXSourcesBuildPhase;
			buildActionMask = 2147483647;
			files = (
				846227D8280D95A5001D8A39 /* ContentView.swift in Sources */,
				846227D6280D95A5001D8A39 /* learning_swiftApp.swift in Sources */,
			);
			runOnlyForDeploymentPostprocessing = 0;
		};
		846227B7280D95A5001D8A39 /* Sources */ = {
			isa = PBXSourcesBuildPhase;
			buildActionMask = 2147483647;
			files = (
				846227D9280D95A5001D8A39 /* ContentView.swift in Sources */,
				846227D7280D95A5001D8A39 /* learning_swiftApp.swift in Sources */,
			);
			runOnlyForDeploymentPostprocessing = 0;
		};
		846227BE280D95A5001D8A39 /* Sources */ = {
			isa = PBXSourcesBuildPhase;
			buildActionMask = 2147483647;
			files = (
				846227C9280D95A5001D8A39 /* Tests_iOSLaunchTests.swift in Sources */,
				846227C7280D95A5001D8A39 /* Tests_iOS.swift in Sources */,
			);
			runOnlyForDeploymentPostprocessing = 0;
		};
		846227CA280D95A5001D8A39 /* Sources */ = {
			isa = PBXSourcesBuildPhase;
			buildActionMask = 2147483647;
			files = (
				846227D5280D95A5001D8A39 /* Tests_macOSLaunchTests.swift in Sources */,
				846227D3280D95A5001D8A39 /* Tests_macOS.swift in Sources */,
			);
			runOnlyForDeploymentPostprocessing = 0;
		};
/* End PBXSourcesBuildPhase section */

/* Begin PBXTargetDependency section */
		846227C4280D95A5001D8A39 /* PBXTargetDependency */ = {
			isa = PBXTargetDependency;
			target = 846227B4280D95A5001D8A39 /* learning_swift (iOS) */;
			targetProxy = 846227C3280D95A5001D8A39 /* PBXContainerItemProxy */;
		};
		846227D0280D95A5001D8A39 /* PBXTargetDependency */ = {
			isa = PBXTargetDependency;
			target = 846227BA280D95A5001D8A39 /* learning_swift (macOS) */;
			targetProxy = 846227CF280D95A5001D8A39 /* PBXContainerItemProxy */;
		};
/* End PBXTargetDependency section */

/* Begin XCBuildConfiguration section */
		846227DC280D95A5001D8A39 /* Debug */ = {
			isa = XCBuildConfiguration;
			buildSettings = {
				ALWAYS_SEARCH_USER_PATHS = NO;
				CLANG_ANALYZER_NONNULL = YES;
				CLANG_ANALYZER_NUMBER_OBJECT_CONVERSION = YES_AGGRESSIVE;
				CLANG_CXX_LANGUAGE_STANDARD = "gnu++17";
				CLANG_ENABLE_MODULES = YES;
				CLANG_ENABLE_OBJC_ARC = YES;
				CLANG_ENABLE_OBJC_WEAK = YES;
				CLANG_WARN_BLOCK_CAPTURE_AUTORELEASING = YES;
				CLANG_WARN_BOOL_CONVERSION = YES;
				CLANG_WARN_COMMA = YES;
				CLANG_WARN_CONSTANT_CONVERSION = YES;
				CLANG_WARN_DEPRECATED_OBJC_IMPLEMENTATIONS = YES;
				CLANG_WARN_DIRECT_OBJC_ISA_USAGE = YES_ERROR;
				CLANG_WARN_DOCUMENTATION_COMMENTS = YES;
				CLANG_WARN_EMPTY_BODY = YES;
				CLANG_WARN_ENUM_CONVERSION = YES;
				CLANG_WARN_INFINITE_RECURSION = YES;
				CLANG_WARN_INT_CONVERSION = YES;
				CLANG_WARN_NON_LITERAL_NULL_CONVERSION = YES;
				CLANG_WARN_OBJC_IMPLICIT_RETAIN_SELF = YES;
				CLANG_WARN_OBJC_LITERAL_CONVERSION = YES;
				CLANG_WARN_OBJC_ROOT_CLASS = YES_ERROR;
				CLANG_WARN_QUOTED_INCLUDE_IN_FRAMEWORK_HEADER = YES;
				CLANG_WARN_RANGE_LOOP_ANALYSIS = YES;
				CLANG_WARN_STRICT_PROTOTYPES = YES;
				CLANG_WARN_SUSPICIOUS_MOVE = YES;
				CLANG_WARN_UNGUARDED_AVAILABILITY = YES_AGGRESSIVE;
				CLANG_WARN_UNREACHABLE_CODE = YES;
				CLANG_WARN__DUPLICATE_METHOD_MATCH = YES;
				COPY_PHASE_STRIP = NO;
				DEBUG_INFORMATION_FORMAT = dwarf;
				ENABLE_STRICT_OBJC_MSGSEND = YES;
				ENABLE_TESTABILITY = YES;
				GCC_C_LANGUAGE_STANDARD = gnu11;
				GCC_DYNAMIC_NO_PIC = NO;
				GCC_NO_COMMON_BLOCKS = YES;
				GCC_OPTIMIZATION_LEVEL = 0;
				GCC_PREPROCESSOR_DEFINITIONS = (
					"DEBUG=1",
					"$(inherited)",
				);
				GCC_WARN_64_TO_32_BIT_CONVERSION = YES;
				GCC_WARN_ABOUT_RETURN_TYPE = YES_ERROR;
				GCC_WARN_UNDECLARED_SELECTOR = YES;
				GCC_WARN_UNINITIALIZED_AUTOS = YES_AGGRESSIVE;
				GCC_WARN_UNUSED_FUNCTION = YES;
				GCC_WARN_UNUSED_VARIABLE = YES;
				MTL_ENABLE_DEBUG_INFO = INCLUDE_SOURCE;
				MTL_FAST_MATH = YES;
				ONLY_ACTIVE_ARCH = YES;
				SWIFT_ACTIVE_COMPILATION_CONDITIONS = DEBUG;
				SWIFT_OPTIMIZATION_LEVEL = "-Onone";
			};
			name = Debug;
		};
		846227DD280D95A5001D8A39 /* Release */ = {
			isa = XCBuildConfiguration;
			buildSettings = {
				ALWAYS_SEARCH_USER_PATHS = NO;
				CLANG_ANALYZER_NONNULL = YES;
				CLANG_ANALYZER_NUMBER_OBJECT_CONVERSION = YES_AGGRESSIVE;
				CLANG_CXX_LANGUAGE_STANDARD = "gnu++17";
				CLANG_ENABLE_MODULES = YES;
				CLANG_ENABLE_OBJC_ARC = YES;
				CLANG_ENABLE_OBJC_WEAK = YES;
				CLANG_WARN_BLOCK_CAPTURE_AUTORELEASING = YES;
				CLANG_WARN_BOOL_CONVERSION = YES;
				CLANG_WARN_COMMA = YES;
				CLANG_WARN_CONSTANT_CONVERSION = YES;
				CLANG_WARN_DEPRECATED_OBJC_IMPLEMENTATIONS = YES;
				CLANG_WARN_DIRECT_OBJC_ISA_USAGE = YES_ERROR;
				CLANG_WARN_DOCUMENTATION_COMMENTS = YES;
				CLANG_WARN_EMPTY_BODY = YES;
				CLANG_WARN_ENUM_CONVERSION = YES;
				CLANG_WARN_INFINITE_RECURSION = YES;
				CLANG_WARN_INT_CONVERSION = YES;
				CLANG_WARN_NON_LITERAL_NULL_CONVERSION = YES;
				CLANG_WARN_OBJC_IMPLICIT_RETAIN_SELF = YES;
				CLANG_WARN_OBJC_LITERAL_CONVERSION = YES;
				CLANG_WARN_OBJC_ROOT_CLASS = YES_ERROR;
				CLANG_WARN_QUOTED_INCLUDE_IN_FRAMEWORK_HEADER = YES;
				CLANG_WARN_RANGE_LOOP_ANALYSIS = YES;
				CLANG_WARN_STRICT_PROTOTYPES = YES;
				CLANG_WARN_SUSPICIOUS_MOVE = YES;
				CLANG_WARN_UNGUARDED_AVAILABILITY = YES_AGGRESSIVE;
				CLANG_WARN_UNREACHABLE_CODE = YES;
				CLANG_WARN__DUPLICATE_METHOD_MATCH = YES;
				COPY_PHASE_STRIP = NO;
				DEBUG_INFORMATION_FORMAT = "dwarf-with-dsym";
				ENABLE_NS_ASSERTIONS = NO;
				ENABLE_STRICT_OBJC_MSGSEND = YES;
				GCC_C_LANGUAGE_STANDARD = gnu11;
				GCC_NO_COMMON_BLOCKS = YES;
				GCC_WARN_64_TO_32_BIT_CONVERSION = YES;
				GCC_WARN_ABOUT_RETURN_TYPE = YES_ERROR;
				GCC_WARN_UNDECLARED_SELECTOR = YES;
				GCC_WARN_UNINITIALIZED_AUTOS = YES_AGGRESSIVE;
				GCC_WARN_UNUSED_FUNCTION = YES;
				GCC_WARN_UNUSED_VARIABLE = YES;
				MTL_ENABLE_DEBUG_INFO = NO;
				MTL_FAST_MATH = YES;
				SWIFT_COMPILATION_MODE = wholemodule;
				SWIFT_OPTIMIZATION_LEVEL = "-O";
			};
			name = Release;
		};
		846227DF280D95A5001D8A39 /* Debug */ = {
			isa = XCBuildConfiguration;
			buildSettings = {
				ASSETCATALOG_COMPILER_APPICON_NAME = AppIcon;
				ASSETCATALOG_COMPILER_GLOBAL_ACCENT_COLOR_NAME = AccentColor;
				CODE_SIGN_STYLE = Automatic;
				CURRENT_PROJECT_VERSION = 1;
				ENABLE_PREVIEWS = YES;
				GENERATE_INFOPLIST_FILE = YES;
				INFOPLIST_KEY_UIApplicationSceneManifest_Generation = YES;
				INFOPLIST_KEY_UIApplicationSupportsIndirectInputEvents = YES;
				INFOPLIST_KEY_UILaunchScreen_Generation = YES;
				INFOPLIST_KEY_UISupportedInterfaceOrientations_iPad = "UIInterfaceOrientationPortrait UIInterfaceOrientationPortraitUpsideDown UIInterfaceOrientationLandscapeLeft UIInterfaceOrientationLandscapeRight";
				INFOPLIST_KEY_UISupportedInterfaceOrientations_iPhone = "UIInterfaceOrientationPortrait UIInterfaceOrientationLandscapeLeft UIInterfaceOrientationLandscapeRight";
				IPHONEOS_DEPLOYMENT_TARGET = 15.4;
				LD_RUNPATH_SEARCH_PATHS = (
					"$(inherited)",
					"@executable_path/Frameworks",
				);
				MARKETING_VERSION = 1.0;
				PRODUCT_BUNDLE_IDENTIFIER = "Oleksandr-Syurpita.learning-swift";
				PRODUCT_NAME = learning_swift;
				SDKROOT = iphoneos;
				SWIFT_EMIT_LOC_STRINGS = YES;
				SWIFT_VERSION = 5.0;
				TARGETED_DEVICE_FAMILY = "1,2";
			};
			name = Debug;
		};
		846227E0280D95A5001D8A39 /* Release */ = {
			isa = XCBuildConfiguration;
			buildSettings = {
				ASSETCATALOG_COMPILER_APPICON_NAME = AppIcon;
				ASSETCATALOG_COMPILER_GLOBAL_ACCENT_COLOR_NAME = AccentColor;
				CODE_SIGN_STYLE = Automatic;
				CURRENT_PROJECT_VERSION = 1;
				ENABLE_PREVIEWS = YES;
				GENERATE_INFOPLIST_FILE = YES;
				INFOPLIST_KEY_UIApplicationSceneManifest_Generation = YES;
				INFOPLIST_KEY_UIApplicationSupportsIndirectInputEvents = YES;
				INFOPLIST_KEY_UILaunchScreen_Generation = YES;
				INFOPLIST_KEY_UISupportedInterfaceOrientations_iPad = "UIInterfaceOrientationPortrait UIInterfaceOrientationPortraitUpsideDown UIInterfaceOrientationLandscapeLeft UIInterfaceOrientationLandscapeRight";
				INFOPLIST_KEY_UISupportedInterfaceOrientations_iPhone = "UIInterfaceOrientationPortrait UIInterfaceOrientationLandscapeLeft UIInterfaceOrientationLandscapeRight";
				IPHONEOS_DEPLOYMENT_TARGET = 15.4;
				LD_RUNPATH_SEARCH_PATHS = (
					"$(inherited)",
					"@executable_path/Frameworks",
				);
				MARKETING_VERSION = 1.0;
				PRODUCT_BUNDLE_IDENTIFIER = "Oleksandr-Syurpita.learning-swift";
				PRODUCT_NAME = learning_swift;
				SDKROOT = iphoneos;
				SWIFT_EMIT_LOC_STRINGS = YES;
				SWIFT_VERSION = 5.0;
				TARGETED_DEVICE_FAMILY = "1,2";
				VALIDATE_PRODUCT = YES;
			};
			name = Release;
		};
		846227E2280D95A5001D8A39 /* Debug */ = {
			isa = XCBuildConfiguration;
			buildSettings = {
				ASSETCATALOG_COMPILER_APPICON_NAME = AppIcon;
				ASSETCATALOG_COMPILER_GLOBAL_ACCENT_COLOR_NAME = AccentColor;
				CODE_SIGN_ENTITLEMENTS = macOS/macOS.entitlements;
				CODE_SIGN_STYLE = Automatic;
				COMBINE_HIDPI_IMAGES = YES;
				CURRENT_PROJECT_VERSION = 1;
				ENABLE_PREVIEWS = YES;
				GENERATE_INFOPLIST_FILE = YES;
				INFOPLIST_KEY_NSHumanReadableCopyright = "";
				LD_RUNPATH_SEARCH_PATHS = (
					"$(inherited)",
					"@executable_path/../Frameworks",
				);
				MACOSX_DEPLOYMENT_TARGET = 12.3;
				MARKETING_VERSION = 1.0;
				PRODUCT_BUNDLE_IDENTIFIER = "Oleksandr-Syurpita.learning-swift";
				PRODUCT_NAME = learning_swift;
				SDKROOT = macosx;
				SWIFT_EMIT_LOC_STRINGS = YES;
				SWIFT_VERSION = 5.0;
			};
			name = Debug;
		};
		846227E3280D95A5001D8A39 /* Release */ = {
			isa = XCBuildConfiguration;
			buildSettings = {
				ASSETCATALOG_COMPILER_APPICON_NAME = AppIcon;
				ASSETCATALOG_COMPILER_GLOBAL_ACCENT_COLOR_NAME = AccentColor;
				CODE_SIGN_ENTITLEMENTS = macOS/macOS.entitlements;
				CODE_SIGN_STYLE = Automatic;
				COMBINE_HIDPI_IMAGES = YES;
				CURRENT_PROJECT_VERSION = 1;
				ENABLE_PREVIEWS = YES;
				GENERATE_INFOPLIST_FILE = YES;
				INFOPLIST_KEY_NSHumanReadableCopyright = "";
				LD_RUNPATH_SEARCH_PATHS = (
					"$(inherited)",
					"@executable_path/../Frameworks",
				);
				MACOSX_DEPLOYMENT_TARGET = 12.3;
				MARKETING_VERSION = 1.0;
				PRODUCT_BUNDLE_IDENTIFIER = "Oleksandr-Syurpita.learning-swift";
				PRODUCT_NAME = learning_swift;
				SDKROOT = macosx;
				SWIFT_EMIT_LOC_STRINGS = YES;
				SWIFT_VERSION = 5.0;
			};
			name = Release;
		};
		846227E5280D95A5001D8A39 /* Debug */ = {
			isa = XCBuildConfiguration;
			buildSettings = {
				ALWAYS_EMBED_SWIFT_STANDARD_LIBRARIES = YES;
				CODE_SIGN_STYLE = Automatic;
				CURRENT_PROJECT_VERSION = 1;
				GENERATE_INFOPLIST_FILE = YES;
				IPHONEOS_DEPLOYMENT_TARGET = 15.4;
				MARKETING_VERSION = 1.0;
				PRODUCT_BUNDLE_IDENTIFIER = "Oleksandr-Syurpita.Tests-iOS";
				PRODUCT_NAME = "$(TARGET_NAME)";
				SDKROOT = iphoneos;
				SWIFT_EMIT_LOC_STRINGS = NO;
				SWIFT_VERSION = 5.0;
				TARGETED_DEVICE_FAMILY = "1,2";
				TEST_TARGET_NAME = "learning_swift (iOS)";
			};
			name = Debug;
		};
		846227E6280D95A5001D8A39 /* Release */ = {
			isa = XCBuildConfiguration;
			buildSettings = {
				ALWAYS_EMBED_SWIFT_STANDARD_LIBRARIES = YES;
				CODE_SIGN_STYLE = Automatic;
				CURRENT_PROJECT_VERSION = 1;
				GENERATE_INFOPLIST_FILE = YES;
				IPHONEOS_DEPLOYMENT_TARGET = 15.4;
				MARKETING_VERSION = 1.0;
				PRODUCT_BUNDLE_IDENTIFIER = "Oleksandr-Syurpita.Tests-iOS";
				PRODUCT_NAME = "$(TARGET_NAME)";
				SDKROOT = iphoneos;
				SWIFT_EMIT_LOC_STRINGS = NO;
				SWIFT_VERSION = 5.0;
				TARGETED_DEVICE_FAMILY = "1,2";
				TEST_TARGET_NAME = "learning_swift (iOS)";
				VALIDATE_PRODUCT = YES;
			};
			name = Release;
		};
		846227E8280D95A5001D8A39 /* Debug */ = {
			isa = XCBuildConfiguration;
			buildSettings = {
				ALWAYS_EMBED_SWIFT_STANDARD_LIBRARIES = YES;
				CODE_SIGN_STYLE = Automatic;
				CURRENT_PROJECT_VERSION = 1;
				GENERATE_INFOPLIST_FILE = YES;
				MACOSX_DEPLOYMENT_TARGET = 12.3;
				MARKETING_VERSION = 1.0;
				PRODUCT_BUNDLE_IDENTIFIER = "Oleksandr-Syurpita.Tests-macOS";
				PRODUCT_NAME = "$(TARGET_NAME)";
				SDKROOT = macosx;
				SWIFT_EMIT_LOC_STRINGS = NO;
				SWIFT_VERSION = 5.0;
				TEST_TARGET_NAME = "learning_swift (macOS)";
			};
			name = Debug;
		};
		846227E9280D95A5001D8A39 /* Release */ = {
			isa = XCBuildConfiguration;
			buildSettings = {
				ALWAYS_EMBED_SWIFT_STANDARD_LIBRARIES = YES;
				CODE_SIGN_STYLE = Automatic;
				CURRENT_PROJECT_VERSION = 1;
				GENERATE_INFOPLIST_FILE = YES;
				MACOSX_DEPLOYMENT_TARGET = 12.3;
				MARKETING_VERSION = 1.0;
				PRODUCT_BUNDLE_IDENTIFIER = "Oleksandr-Syurpita.Tests-macOS";
				PRODUCT_NAME = "$(TARGET_NAME)";
				SDKROOT = macosx;
				SWIFT_EMIT_LOC_STRINGS = NO;
				SWIFT_VERSION = 5.0;
				TEST_TARGET_NAME = "learning_swift (macOS)";
			};
			name = Release;
		};
/* End XCBuildConfiguration section */

/* Begin XCConfigurationList section */
		846227AC280D95A0001D8A39 /* Build configuration list for PBXProject "learning_swift" */ = {
			isa = XCConfigurationList;
			buildConfigurations = (
				846227DC280D95A5001D8A39 /* Debug */,
				846227DD280D95A5001D8A39 /* Release */,
			);
			defaultConfigurationIsVisible = 0;
			defaultConfigurationName = Release;
		};
		846227DE280D95A5001D8A39 /* Build configuration list for PBXNativeTarget "learning_swift (iOS)" */ = {
			isa = XCConfigurationList;
			buildConfigurations = (
				846227DF280D95A5001D8A39 /* Debug */,
				846227E0280D95A5001D8A39 /* Release */,
			);
			defaultConfigurationIsVisible = 0;
			defaultConfigurationName = Release;
		};
		846227E1280D95A5001D8A39 /* Build configuration list for PBXNativeTarget "learning_swift (macOS)" */ = {
			isa = XCConfigurationList;
			buildConfigurations = (
				846227E2280D95A5001D8A39 /* Debug */,
				846227E3280D95A5001D8A39 /* Release */,
			);
			defaultConfigurationIsVisible = 0;
			defaultConfigurationName = Release;
		};
		846227E4280D95A5001D8A39 /* Build configuration list for PBXNativeTarget "Tests iOS" */ = {
			isa = XCConfigurationList;
			buildConfigurations = (
				846227E5280D95A5001D8A39 /* Debug */,
				846227E6280D95A5001D8A39 /* Release */,
			);
			defaultConfigurationIsVisible = 0;
			defaultConfigurationName = Release;
		};
		846227E7280D95A5001D8A39 /* Build configuration list for PBXNativeTarget "Tests macOS" */ = {
			isa = XCConfigurationList;
			buildConfigurations = (
				846227E8280D95A5001D8A39 /* Debug */,
				846227E9280D95A5001D8A39 /* Release */,
			);
			defaultConfigurationIsVisible = 0;
			defaultConfigurationName = Release;
		};
/* End XCConfigurationList section */
	};
	rootObject = 846227A9280D95A0001D8A39 /* Project object */;
}
